{
  "name": "ssb-about",
  "version": "0.1.2",
  "lockfileVersion": 1,
  "requires": true,
  "dependencies": {
    "async-single": {
      "version": "1.0.5",
      "resolved": "https://registry.npmjs.org/async-single/-/async-single-1.0.5.tgz",
      "integrity": "sha1-El3QneldPqMKN4rb7QIQkhebA8k="
    },
    "atomic-file": {
      "version": "1.1.5",
      "resolved": "https://registry.npmjs.org/atomic-file/-/atomic-file-1.1.5.tgz",
      "integrity": "sha512-TG+5YFiaKQ6CZiSQsosGMJ/IJzwMZ4V/rSdEXlD6+DwKyv8OyeUcprq34kp4yuS6bfQYXhxBC2Vm8PWo+iKBGQ=="
    },
    "deep-equal": {
      "version": "1.0.1",
      "resolved": "https://registry.npmjs.org/deep-equal/-/deep-equal-1.0.1.tgz",
      "integrity": "sha1-9dJgKStmDghO/0zbyfCK0yR0SLU="
    },
    "flumecodec": {
      "version": "0.0.0",
      "resolved": "https://registry.npmjs.org/flumecodec/-/flumecodec-0.0.0.tgz",
      "integrity": "sha1-Ns4Gq+Lg4BxE3WnyoWUwWiMgZJs=",
      "requires": {
        "level-codec": "^6.2.0"
      }
    },
    "flumeview-reduce": {
      "version": "1.3.13",
      "resolved": "https://registry.npmjs.org/flumeview-reduce/-/flumeview-reduce-1.3.13.tgz",
      "integrity": "sha512-QN/07+ia3uXpfy8/xWjLI2XGIG67Aiwp9VaOTIqYt6NHP6OfdGfl8nGRPkJRHlkfFbzEouRvJcQBFohWEXMdNQ==",
      "requires": {
        "async-single": "^1.0.5",
        "atomic-file": "^1.1.3",
        "deep-equal": "^1.0.1",
        "flumecodec": "0.0.0",
        "obv": "0.0.0",
        "pull-notify": "^0.1.1",
        "pull-stream": "^3.5.0"
      }
    },
    "ip": {
      "version": "1.1.5",
      "resolved": "https://registry.npmjs.org/ip/-/ip-1.1.5.tgz",
      "integrity": "sha1-vd7XARQpCCjAoDnnLvJfWq7ENUo="
    },
    "is-valid-domain": {
      "version": "0.0.5",
      "resolved": "https://registry.npmjs.org/is-valid-domain/-/is-valid-domain-0.0.5.tgz",
      "integrity": "sha1-SOcDGfy0MAkjbpazf5hDiJzntRM="
    },
    "level-codec": {
      "version": "6.2.0",
      "resolved": "https://registry.npmjs.org/level-codec/-/level-codec-6.2.0.tgz",
      "integrity": "sha1-pLUkS7akwvcj1oodZOmAxTYn2dQ="
    },
    "obv": {
      "version": "0.0.0",
      "resolved": "https://registry.npmjs.org/obv/-/obv-0.0.0.tgz",
      "integrity": "sha1-7eq4Ro+R1BkzYu1/kdC5bdOaecE="
    },
    "pull-notify": {
      "version": "0.1.1",
      "resolved": "https://registry.npmjs.org/pull-notify/-/pull-notify-0.1.1.tgz",
      "integrity": "sha1-b4b/ldJwuJw+vyVbYDG3Ay3JnMo=",
      "requires": {
        "pull-pushable": "^2.0.0"
      }
    },
    "pull-pushable": {
      "version": "2.2.0",
      "resolved": "https://registry.npmjs.org/pull-pushable/-/pull-pushable-2.2.0.tgz",
      "integrity": "sha1-Xy867UethpGfAbEqLpnW8b13ZYE="
    },
    "pull-stream": {
      "version": "3.6.8",
      "resolved": "https://registry.npmjs.org/pull-stream/-/pull-stream-3.6.8.tgz",
      "integrity": "sha512-wQUIptQBcM0rFsUhZoEpOT3vUn73DtTGVq3NQ86c4T7iMOSprDzeKWYq2ksXnbwiuExTKvt+8G9fzNLFQuiO+A=="
    },
    "ssb-ref": {
      "version": "2.11.1",
      "resolved": "https://registry.npmjs.org/ssb-ref/-/ssb-ref-2.11.1.tgz",
      "integrity": "sha512-K3L9hJ1v0HrH8abtEKiBkdeabHVaws+CS81mZqUfhR84i0dlYhiIIDwqeLxUj/1mLcsZPF3gMKPsFCUr7UAdMA==",
      "requires": {
        "ip": "^1.1.3",
        "is-valid-domain": "~0.0.1"
      }
    }
  }
}
